// !$*UTF8*$!
{
	archiveVersion = 1;
	classes = {
	};
	objectVersion = 56;
	objects = {

/* Begin PBXBuildFile section */
		F510367629EFB3AC00792F22 /* AstronautListView.swift in Sources */ = {isa = PBXBuildFile; fileRef = F510367529EFB3AC00792F22 /* AstronautListView.swift */; };
		F510367A29EFB86600792F22 /* Reachability.swift in Sources */ = {isa = PBXBuildFile; fileRef = F510367929EFB86600792F22 /* Reachability.swift */; };
		F510368229EFBB8700792F22 /* NetworkConfig.swift in Sources */ = {isa = PBXBuildFile; fileRef = F510368129EFBB8700792F22 /* NetworkConfig.swift */; };
		F510368629EFBC4100792F22 /* HTTPError.swift in Sources */ = {isa = PBXBuildFile; fileRef = F510368529EFBC4100792F22 /* HTTPError.swift */; };
		F510368B29EFBE8A00792F22 /* HTTPServices.swift in Sources */ = {isa = PBXBuildFile; fileRef = F510368A29EFBE8A00792F22 /* HTTPServices.swift */; };
		F510368E29EFD19500792F22 /* AstronautRepository.swift in Sources */ = {isa = PBXBuildFile; fileRef = F510368D29EFD19500792F22 /* AstronautRepository.swift */; };
		F510369629EFED2900792F22 /* AstronautModels.swift in Sources */ = {isa = PBXBuildFile; fileRef = F510369529EFED2900792F22 /* AstronautModels.swift */; };
		F510369929EFF85900792F22 /* RxSwift in Frameworks */ = {isa = PBXBuildFile; productRef = F510369829EFF85900792F22 /* RxSwift */; };
		F510369D29F04ECC00792F22 /* AstronautListPresenter.swift in Sources */ = {isa = PBXBuildFile; fileRef = F510369C29F04ECC00792F22 /* AstronautListPresenter.swift */; };
		F51036A129F0575B00792F22 /* AstronautCell.swift in Sources */ = {isa = PBXBuildFile; fileRef = F510369F29F0575A00792F22 /* AstronautCell.swift */; };
		F51036A229F0575B00792F22 /* AstronautCell.xib in Resources */ = {isa = PBXBuildFile; fileRef = F51036A029F0575A00792F22 /* AstronautCell.xib */; };
		F51036A429F05F0100792F22 /* UIView+Design.swift in Sources */ = {isa = PBXBuildFile; fileRef = F51036A329F05F0100792F22 /* UIView+Design.swift */; };
		F51036A729F07CA700792F22 /* DownloadOperation.swift in Sources */ = {isa = PBXBuildFile; fileRef = F51036A629F07CA700792F22 /* DownloadOperation.swift */; };
		F51036A929F07CB000792F22 /* CustomMediaDownloadManager.swift in Sources */ = {isa = PBXBuildFile; fileRef = F51036A829F07CB000792F22 /* CustomMediaDownloadManager.swift */; };
		F51036AB29F0904400792F22 /* UITableView+Extensions.swift in Sources */ = {isa = PBXBuildFile; fileRef = F51036AA29F0904400792F22 /* UITableView+Extensions.swift */; };
		F51036B129F1083600792F22 /* AstronautDetailViewController.swift in Sources */ = {isa = PBXBuildFile; fileRef = F51036AF29F1083600792F22 /* AstronautDetailViewController.swift */; };
		F51036B229F1083600792F22 /* AstronautDetailViewController.xib in Resources */ = {isa = PBXBuildFile; fileRef = F51036B029F1083600792F22 /* AstronautDetailViewController.xib */; };
		F51036B429F128EB00792F22 /* UIImage+Extensions.swift in Sources */ = {isa = PBXBuildFile; fileRef = F51036B329F128EB00792F22 /* UIImage+Extensions.swift */; };
		F51036B729F12D0D00792F22 /* MainCoordinator.swift in Sources */ = {isa = PBXBuildFile; fileRef = F51036B629F12D0D00792F22 /* MainCoordinator.swift */; };
		F51036BA29F12D5B00792F22 /* AppFactory.swift in Sources */ = {isa = PBXBuildFile; fileRef = F51036B929F12D5B00792F22 /* AppFactory.swift */; };
		F51036BC29F140D600792F22 /* AstronautDetailPresenter.swift in Sources */ = {isa = PBXBuildFile; fileRef = F51036BB29F140D600792F22 /* AstronautDetailPresenter.swift */; };
		F51036BE29F1413A00792F22 /* AstronautDetailView.swift in Sources */ = {isa = PBXBuildFile; fileRef = F51036BD29F1413A00792F22 /* AstronautDetailView.swift */; };
		F51036C929F19DF200792F22 /* AstronautDataSource.swift in Sources */ = {isa = PBXBuildFile; fileRef = F51036C829F19DF200792F22 /* AstronautDataSource.swift */; };
		F51036D329F1EE0800792F22 /* AstronautRepositoryMock.swift in Sources */ = {isa = PBXBuildFile; fileRef = F51036D229F1EE0800792F22 /* AstronautRepositoryMock.swift */; };
		F51036D829F1F24A00792F22 /* TestUtils.swift in Sources */ = {isa = PBXBuildFile; fileRef = F51036D729F1F24A00792F22 /* TestUtils.swift */; };
		F51036DC29F24C0E00792F22 /* UIViewController+Extensions.swift in Sources */ = {isa = PBXBuildFile; fileRef = F51036DB29F24C0E00792F22 /* UIViewController+Extensions.swift */; };
		F51A24CB29F2760700863DAF /* MainCoordinatorMock.swift in Sources */ = {isa = PBXBuildFile; fileRef = F51A24CA29F2760700863DAF /* MainCoordinatorMock.swift */; };
		F51A24CD29F27B8C00863DAF /* AstronautListPresenterTests.swift in Sources */ = {isa = PBXBuildFile; fileRef = F51A24CC29F27B8C00863DAF /* AstronautListPresenterTests.swift */; };
		F51A24D129F27FC100863DAF /* MockAstronautListView.swift in Sources */ = {isa = PBXBuildFile; fileRef = F51A24D029F27FC100863DAF /* MockAstronautListView.swift */; };
		F51A24D329F288AD00863DAF /* astronauts_mock.json in Resources */ = {isa = PBXBuildFile; fileRef = F51A24D229F288AD00863DAF /* astronauts_mock.json */; };
		F51A24D429F288ED00863DAF /* astronauts_mock.json in Resources */ = {isa = PBXBuildFile; fileRef = F51A24D229F288AD00863DAF /* astronauts_mock.json */; };
		F51A24D629F2D40200863DAF /* AstronautDetailPresenterTests.swift in Sources */ = {isa = PBXBuildFile; fileRef = F51A24D529F2D40200863DAF /* AstronautDetailPresenterTests.swift */; };
		F51A24DA29F2D61B00863DAF /* MockAstronautDetailView.swift in Sources */ = {isa = PBXBuildFile; fileRef = F51A24D929F2D61B00863DAF /* MockAstronautDetailView.swift */; };
		F51A24DD29F2D8FD00863DAF /* AstronautsRepositoryTests.swift in Sources */ = {isa = PBXBuildFile; fileRef = F51A24DC29F2D8FD00863DAF /* AstronautsRepositoryTests.swift */; };
		F51A24E029F2DCFB00863DAF /* MockHTTPServices.swift in Sources */ = {isa = PBXBuildFile; fileRef = F51A24DF29F2DCFB00863DAF /* MockHTTPServices.swift */; };
		F51A24E229F2F22B00863DAF /* AstronautListViewControllerTests.swift in Sources */ = {isa = PBXBuildFile; fileRef = F51A24E129F2F22B00863DAF /* AstronautListViewControllerTests.swift */; };
		F51A24E729F3286F00863DAF /* AstronautDetailViewControllerTests.swift in Sources */ = {isa = PBXBuildFile; fileRef = F51A24E629F3286F00863DAF /* AstronautDetailViewControllerTests.swift */; };
		F51A24EC29F3D20F00863DAF /* MainCoordinatorTests.swift in Sources */ = {isa = PBXBuildFile; fileRef = F51A24EB29F3D20F00863DAF /* MainCoordinatorTests.swift */; };
		F51A24EE29F3D22500863DAF /* AppFactoryTests.swift in Sources */ = {isa = PBXBuildFile; fileRef = F51A24ED29F3D22500863DAF /* AppFactoryTests.swift */; };
		F51A24F029F3E5B000863DAF /* AssessmentTests.swift in Sources */ = {isa = PBXBuildFile; fileRef = F51A24EF29F3E5AF00863DAF /* AssessmentTests.swift */; };
		F55D087429EF1F2B00C49526 /* AppDelegate.swift in Sources */ = {isa = PBXBuildFile; fileRef = F55D087329EF1F2B00C49526 /* AppDelegate.swift */; };
		F55D087D29EF1F2C00C49526 /* Assets.xcassets in Resources */ = {isa = PBXBuildFile; fileRef = F55D087C29EF1F2C00C49526 /* Assets.xcassets */; };
		F55D088029EF1F2C00C49526 /* LaunchScreen.storyboard in Resources */ = {isa = PBXBuildFile; fileRef = F55D087E29EF1F2C00C49526 /* LaunchScreen.storyboard */; };
		F55D08A429EF207400C49526 /* Color.xcassets in Resources */ = {isa = PBXBuildFile; fileRef = F55D08A329EF207400C49526 /* Color.xcassets */; };
		F55D08B229EF2A3400C49526 /* AstronautListViewController.swift in Sources */ = {isa = PBXBuildFile; fileRef = F55D08B029EF2A3400C49526 /* AstronautListViewController.swift */; };
		F55D08B329EF2A3400C49526 /* AstronautListViewController.xib in Resources */ = {isa = PBXBuildFile; fileRef = F55D08B129EF2A3400C49526 /* AstronautListViewController.xib */; };
		F55D08C029EF39E100C49526 /* UIColor+App.swift in Sources */ = {isa = PBXBuildFile; fileRef = F55D08BF29EF39E100C49526 /* UIColor+App.swift */; };
		F55D08C229EF3A2A00C49526 /* AppStrings.swift in Sources */ = {isa = PBXBuildFile; fileRef = F55D08C129EF3A2A00C49526 /* AppStrings.swift */; };
/* End PBXBuildFile section */

/* Begin PBXContainerItemProxy section */
		F55D088729EF1F2C00C49526 /* PBXContainerItemProxy */ = {
			isa = PBXContainerItemProxy;
			containerPortal = F55D086829EF1F2B00C49526 /* Project object */;
			proxyType = 1;
			remoteGlobalIDString = F55D086F29EF1F2B00C49526;
			remoteInfo = Assessment;
		};
/* End PBXContainerItemProxy section */

/* Begin PBXFileReference section */
		F510367529EFB3AC00792F22 /* AstronautListView.swift */ = {isa = PBXFileReference; lastKnownFileType = sourcecode.swift; path = AstronautListView.swift; sourceTree = "<group>"; };
		F510367929EFB86600792F22 /* Reachability.swift */ = {isa = PBXFileReference; lastKnownFileType = sourcecode.swift; path = Reachability.swift; sourceTree = "<group>"; };
		F510368129EFBB8700792F22 /* NetworkConfig.swift */ = {isa = PBXFileReference; lastKnownFileType = sourcecode.swift; path = NetworkConfig.swift; sourceTree = "<group>"; };
		F510368529EFBC4100792F22 /* HTTPError.swift */ = {isa = PBXFileReference; lastKnownFileType = sourcecode.swift; path = HTTPError.swift; sourceTree = "<group>"; };
		F510368A29EFBE8A00792F22 /* HTTPServices.swift */ = {isa = PBXFileReference; lastKnownFileType = sourcecode.swift; path = HTTPServices.swift; sourceTree = "<group>"; };
		F510368D29EFD19500792F22 /* AstronautRepository.swift */ = {isa = PBXFileReference; lastKnownFileType = sourcecode.swift; path = AstronautRepository.swift; sourceTree = "<group>"; };
		F510369529EFED2900792F22 /* AstronautModels.swift */ = {isa = PBXFileReference; lastKnownFileType = sourcecode.swift; path = AstronautModels.swift; sourceTree = "<group>"; };
		F510369C29F04ECC00792F22 /* AstronautListPresenter.swift */ = {isa = PBXFileReference; lastKnownFileType = sourcecode.swift; path = AstronautListPresenter.swift; sourceTree = "<group>"; };
		F510369F29F0575A00792F22 /* AstronautCell.swift */ = {isa = PBXFileReference; lastKnownFileType = sourcecode.swift; path = AstronautCell.swift; sourceTree = "<group>"; };
		F51036A029F0575A00792F22 /* AstronautCell.xib */ = {isa = PBXFileReference; lastKnownFileType = file.xib; path = AstronautCell.xib; sourceTree = "<group>"; };
		F51036A329F05F0100792F22 /* UIView+Design.swift */ = {isa = PBXFileReference; lastKnownFileType = sourcecode.swift; path = "UIView+Design.swift"; sourceTree = "<group>"; };
		F51036A629F07CA700792F22 /* DownloadOperation.swift */ = {isa = PBXFileReference; lastKnownFileType = sourcecode.swift; path = DownloadOperation.swift; sourceTree = "<group>"; };
		F51036A829F07CB000792F22 /* CustomMediaDownloadManager.swift */ = {isa = PBXFileReference; lastKnownFileType = sourcecode.swift; path = CustomMediaDownloadManager.swift; sourceTree = "<group>"; };
		F51036AA29F0904400792F22 /* UITableView+Extensions.swift */ = {isa = PBXFileReference; lastKnownFileType = sourcecode.swift; path = "UITableView+Extensions.swift"; sourceTree = "<group>"; };
		F51036AF29F1083600792F22 /* AstronautDetailViewController.swift */ = {isa = PBXFileReference; lastKnownFileType = sourcecode.swift; path = AstronautDetailViewController.swift; sourceTree = "<group>"; };
		F51036B029F1083600792F22 /* AstronautDetailViewController.xib */ = {isa = PBXFileReference; lastKnownFileType = file.xib; path = AstronautDetailViewController.xib; sourceTree = "<group>"; };
		F51036B329F128EB00792F22 /* UIImage+Extensions.swift */ = {isa = PBXFileReference; lastKnownFileType = sourcecode.swift; path = "UIImage+Extensions.swift"; sourceTree = "<group>"; };
		F51036B629F12D0D00792F22 /* MainCoordinator.swift */ = {isa = PBXFileReference; lastKnownFileType = sourcecode.swift; path = MainCoordinator.swift; sourceTree = "<group>"; };
		F51036B929F12D5B00792F22 /* AppFactory.swift */ = {isa = PBXFileReference; lastKnownFileType = sourcecode.swift; path = AppFactory.swift; sourceTree = "<group>"; };
		F51036BB29F140D600792F22 /* AstronautDetailPresenter.swift */ = {isa = PBXFileReference; lastKnownFileType = sourcecode.swift; path = AstronautDetailPresenter.swift; sourceTree = "<group>"; };
		F51036BD29F1413A00792F22 /* AstronautDetailView.swift */ = {isa = PBXFileReference; lastKnownFileType = sourcecode.swift; path = AstronautDetailView.swift; sourceTree = "<group>"; };
		F51036C829F19DF200792F22 /* AstronautDataSource.swift */ = {isa = PBXFileReference; lastKnownFileType = sourcecode.swift; path = AstronautDataSource.swift; sourceTree = "<group>"; };
		F51036D229F1EE0800792F22 /* AstronautRepositoryMock.swift */ = {isa = PBXFileReference; lastKnownFileType = sourcecode.swift; path = AstronautRepositoryMock.swift; sourceTree = "<group>"; };
		F51036D729F1F24A00792F22 /* TestUtils.swift */ = {isa = PBXFileReference; lastKnownFileType = sourcecode.swift; path = TestUtils.swift; sourceTree = "<group>"; };
		F51036DB29F24C0E00792F22 /* UIViewController+Extensions.swift */ = {isa = PBXFileReference; fileEncoding = 4; lastKnownFileType = sourcecode.swift; path = "UIViewController+Extensions.swift"; sourceTree = "<group>"; };
		F51A24CA29F2760700863DAF /* MainCoordinatorMock.swift */ = {isa = PBXFileReference; lastKnownFileType = sourcecode.swift; path = MainCoordinatorMock.swift; sourceTree = "<group>"; };
		F51A24CC29F27B8C00863DAF /* AstronautListPresenterTests.swift */ = {isa = PBXFileReference; lastKnownFileType = sourcecode.swift; path = AstronautListPresenterTests.swift; sourceTree = "<group>"; };
		F51A24D029F27FC100863DAF /* MockAstronautListView.swift */ = {isa = PBXFileReference; lastKnownFileType = sourcecode.swift; path = MockAstronautListView.swift; sourceTree = "<group>"; };
		F51A24D229F288AD00863DAF /* astronauts_mock.json */ = {isa = PBXFileReference; fileEncoding = 4; lastKnownFileType = text.json; path = astronauts_mock.json; sourceTree = "<group>"; };
		F51A24D529F2D40200863DAF /* AstronautDetailPresenterTests.swift */ = {isa = PBXFileReference; lastKnownFileType = sourcecode.swift; path = AstronautDetailPresenterTests.swift; sourceTree = "<group>"; };
		F51A24D929F2D61B00863DAF /* MockAstronautDetailView.swift */ = {isa = PBXFileReference; lastKnownFileType = sourcecode.swift; path = MockAstronautDetailView.swift; sourceTree = "<group>"; };
		F51A24DC29F2D8FD00863DAF /* AstronautsRepositoryTests.swift */ = {isa = PBXFileReference; lastKnownFileType = sourcecode.swift; path = AstronautsRepositoryTests.swift; sourceTree = "<group>"; };
		F51A24DF29F2DCFB00863DAF /* MockHTTPServices.swift */ = {isa = PBXFileReference; lastKnownFileType = sourcecode.swift; path = MockHTTPServices.swift; sourceTree = "<group>"; };
		F51A24E129F2F22B00863DAF /* AstronautListViewControllerTests.swift */ = {isa = PBXFileReference; lastKnownFileType = sourcecode.swift; path = AstronautListViewControllerTests.swift; sourceTree = "<group>"; };
		F51A24E629F3286F00863DAF /* AstronautDetailViewControllerTests.swift */ = {isa = PBXFileReference; lastKnownFileType = sourcecode.swift; path = AstronautDetailViewControllerTests.swift; sourceTree = "<group>"; };
		F51A24EB29F3D20F00863DAF /* MainCoordinatorTests.swift */ = {isa = PBXFileReference; lastKnownFileType = sourcecode.swift; path = MainCoordinatorTests.swift; sourceTree = "<group>"; };
		F51A24ED29F3D22500863DAF /* AppFactoryTests.swift */ = {isa = PBXFileReference; lastKnownFileType = sourcecode.swift; path = AppFactoryTests.swift; sourceTree = "<group>"; };
		F51A24EF29F3E5AF00863DAF /* AssessmentTests.swift */ = {isa = PBXFileReference; fileEncoding = 4; lastKnownFileType = sourcecode.swift; path = AssessmentTests.swift; sourceTree = "<group>"; };
		F55D087029EF1F2B00C49526 /* Assessment.app */ = {isa = PBXFileReference; explicitFileType = wrapper.application; includeInIndex = 0; path = Assessment.app; sourceTree = BUILT_PRODUCTS_DIR; };
		F55D087329EF1F2B00C49526 /* AppDelegate.swift */ = {isa = PBXFileReference; lastKnownFileType = sourcecode.swift; path = AppDelegate.swift; sourceTree = "<group>"; };
		F55D087C29EF1F2C00C49526 /* Assets.xcassets */ = {isa = PBXFileReference; lastKnownFileType = folder.assetcatalog; path = Assets.xcassets; sourceTree = "<group>"; };
		F55D087F29EF1F2C00C49526 /* Base */ = {isa = PBXFileReference; lastKnownFileType = file.storyboard; name = Base; path = Base.lproj/LaunchScreen.storyboard; sourceTree = "<group>"; };
		F55D088129EF1F2C00C49526 /* Info.plist */ = {isa = PBXFileReference; lastKnownFileType = text.plist.xml; path = Info.plist; sourceTree = "<group>"; };
		F55D088629EF1F2C00C49526 /* AssessmentTests.xctest */ = {isa = PBXFileReference; explicitFileType = wrapper.cfbundle; includeInIndex = 0; path = AssessmentTests.xctest; sourceTree = BUILT_PRODUCTS_DIR; };
		F55D08A329EF207400C49526 /* Color.xcassets */ = {isa = PBXFileReference; lastKnownFileType = folder.assetcatalog; path = Color.xcassets; sourceTree = "<group>"; };
		F55D08B029EF2A3400C49526 /* AstronautListViewController.swift */ = {isa = PBXFileReference; lastKnownFileType = sourcecode.swift; path = AstronautListViewController.swift; sourceTree = "<group>"; };
		F55D08B129EF2A3400C49526 /* AstronautListViewController.xib */ = {isa = PBXFileReference; lastKnownFileType = file.xib; path = AstronautListViewController.xib; sourceTree = "<group>"; };
		F55D08BF29EF39E100C49526 /* UIColor+App.swift */ = {isa = PBXFileReference; lastKnownFileType = sourcecode.swift; path = "UIColor+App.swift"; sourceTree = "<group>"; };
		F55D08C129EF3A2A00C49526 /* AppStrings.swift */ = {isa = PBXFileReference; lastKnownFileType = sourcecode.swift; path = AppStrings.swift; sourceTree = "<group>"; };
/* End PBXFileReference section */

/* Begin PBXFrameworksBuildPhase section */
		F55D086D29EF1F2B00C49526 /* Frameworks */ = {
			isa = PBXFrameworksBuildPhase;
			buildActionMask = 2147483647;
			files = (
				F510369929EFF85900792F22 /* RxSwift in Frameworks */,
			);
			runOnlyForDeploymentPostprocessing = 0;
		};
		F55D088329EF1F2C00C49526 /* Frameworks */ = {
			isa = PBXFrameworksBuildPhase;
			buildActionMask = 2147483647;
			files = (
			);
			runOnlyForDeploymentPostprocessing = 0;
		};
/* End PBXFrameworksBuildPhase section */

/* Begin PBXGroup section */
		F510367729EFB78400792F22 /* HTTPServices */ = {
			isa = PBXGroup;
			children = (
				F510367829EFB85E00792F22 /* Reachability */,
				F510368729EFBDC200792F22 /* Services */,
				F510368129EFBB8700792F22 /* NetworkConfig.swift */,
			);
			path = HTTPServices;
			sourceTree = "<group>";
		};
		F510367829EFB85E00792F22 /* Reachability */ = {
			isa = PBXGroup;
			children = (
				F510367929EFB86600792F22 /* Reachability.swift */,
			);
			path = Reachability;
			sourceTree = "<group>";
		};
		F510368729EFBDC200792F22 /* Services */ = {
			isa = PBXGroup;
			children = (
				F510368A29EFBE8A00792F22 /* HTTPServices.swift */,
				F510368529EFBC4100792F22 /* HTTPError.swift */,
			);
			path = Services;
			sourceTree = "<group>";
		};
		F510368C29EFD15700792F22 /* Services */ = {
			isa = PBXGroup;
			children = (
				F510368D29EFD19500792F22 /* AstronautRepository.swift */,
			);
			path = Services;
			sourceTree = "<group>";
		};
		F51036A529F07C8E00792F22 /* ImageDownloader */ = {
			isa = PBXGroup;
			children = (
				F51036A629F07CA700792F22 /* DownloadOperation.swift */,
				F51036A829F07CB000792F22 /* CustomMediaDownloadManager.swift */,
			);
			path = ImageDownloader;
			sourceTree = "<group>";
		};
		F51036AE29F1081300792F22 /* AstronautDetails */ = {
			isa = PBXGroup;
			children = (
				F51036BD29F1413A00792F22 /* AstronautDetailView.swift */,
				F51036AF29F1083600792F22 /* AstronautDetailViewController.swift */,
				F51036B029F1083600792F22 /* AstronautDetailViewController.xib */,
			);
			path = AstronautDetails;
			sourceTree = "<group>";
		};
		F51036B529F12CFF00792F22 /* Coordinator */ = {
			isa = PBXGroup;
			children = (
				F51036B629F12D0D00792F22 /* MainCoordinator.swift */,
			);
			path = Coordinator;
			sourceTree = "<group>";
		};
		F51036B829F12D4200792F22 /* Factory */ = {
			isa = PBXGroup;
			children = (
				F51036B929F12D5B00792F22 /* AppFactory.swift */,
			);
			path = Factory;
			sourceTree = "<group>";
		};
		F51036C729F19DCC00792F22 /* TableView */ = {
			isa = PBXGroup;
			children = (
				F51036C829F19DF200792F22 /* AstronautDataSource.swift */,
				F510369F29F0575A00792F22 /* AstronautCell.swift */,
				F51036A029F0575A00792F22 /* AstronautCell.xib */,
			);
			path = TableView;
			sourceTree = "<group>";
		};
		F51036CB29F1EACA00792F22 /* Application */ = {
			isa = PBXGroup;
			children = (
				F51A24E329F2F2D000863DAF /* Services */,
				F51A24D829F2D5DE00863DAF /* AstronautDetailTests */,
				F51A24D729F2D5CA00863DAF /* AstronautListTests */,
			);
			path = Application;
			sourceTree = "<group>";
		};
		F51036D129F1EDEF00792F22 /* OtherFiles */ = {
			isa = PBXGroup;
			children = (
				F51036D429F1EF9200792F22 /* Resources */,
				F51A24CA29F2760700863DAF /* MainCoordinatorMock.swift */,
				F51036D729F1F24A00792F22 /* TestUtils.swift */,
				F51A24DF29F2DCFB00863DAF /* MockHTTPServices.swift */,
				F51036D229F1EE0800792F22 /* AstronautRepositoryMock.swift */,
				F51A24EF29F3E5AF00863DAF /* AssessmentTests.swift */,
			);
			path = OtherFiles;
			sourceTree = "<group>";
		};
		F51036D429F1EF9200792F22 /* Resources */ = {
			isa = PBXGroup;
			children = (
				F51A24D229F288AD00863DAF /* astronauts_mock.json */,
			);
			path = Resources;
			sourceTree = "<group>";
		};
		F51A24D729F2D5CA00863DAF /* AstronautListTests */ = {
			isa = PBXGroup;
			children = (
				F51A24D029F27FC100863DAF /* MockAstronautListView.swift */,
				F51A24CC29F27B8C00863DAF /* AstronautListPresenterTests.swift */,
				F51A24E129F2F22B00863DAF /* AstronautListViewControllerTests.swift */,
			);
			path = AstronautListTests;
			sourceTree = "<group>";
		};
		F51A24D829F2D5DE00863DAF /* AstronautDetailTests */ = {
			isa = PBXGroup;
			children = (
				F51A24D929F2D61B00863DAF /* MockAstronautDetailView.swift */,
				F51A24D529F2D40200863DAF /* AstronautDetailPresenterTests.swift */,
				F51A24E629F3286F00863DAF /* AstronautDetailViewControllerTests.swift */,
			);
			path = AstronautDetailTests;
			sourceTree = "<group>";
		};
		F51A24DB29F2D8DF00863DAF /* Factory */ = {
			isa = PBXGroup;
			children = (
				F51A24ED29F3D22500863DAF /* AppFactoryTests.swift */,
			);
			path = Factory;
			sourceTree = "<group>";
		};
		F51A24DE29F2D90B00863DAF /* AppComponents */ = {
			isa = PBXGroup;
			children = (
				F51A24EA29F3D1F900863DAF /* Coordinator */,
				F51A24DB29F2D8DF00863DAF /* Factory */,
			);
			path = AppComponents;
			sourceTree = "<group>";
		};
		F51A24E329F2F2D000863DAF /* Services */ = {
			isa = PBXGroup;
			children = (
				F51A24DC29F2D8FD00863DAF /* AstronautsRepositoryTests.swift */,
			);
			path = Services;
			sourceTree = "<group>";
		};
		F51A24EA29F3D1F900863DAF /* Coordinator */ = {
			isa = PBXGroup;
			children = (
				F51A24EB29F3D20F00863DAF /* MainCoordinatorTests.swift */,
			);
			path = Coordinator;
			sourceTree = "<group>";
		};
		F55D086729EF1F2B00C49526 = {
			isa = PBXGroup;
			children = (
				F55D087229EF1F2B00C49526 /* Assessment */,
				F55D088929EF1F2C00C49526 /* AssessmentTests */,
				F55D087129EF1F2B00C49526 /* Products */,
			);
			sourceTree = "<group>";
		};
		F55D087129EF1F2B00C49526 /* Products */ = {
			isa = PBXGroup;
			children = (
				F55D087029EF1F2B00C49526 /* Assessment.app */,
				F55D088629EF1F2C00C49526 /* AssessmentTests.xctest */,
			);
			name = Products;
			sourceTree = "<group>";
		};
		F55D087229EF1F2B00C49526 /* Assessment */ = {
			isa = PBXGroup;
			children = (
				F55D08A929EF28AC00C49526 /* Application */,
				F55D08AB29EF28C100C49526 /* AppComponents */,
				F55D08AA29EF28B700C49526 /* OtherFiles */,
				F55D088129EF1F2C00C49526 /* Info.plist */,
			);
			path = Assessment;
			sourceTree = "<group>";
		};
		F55D088929EF1F2C00C49526 /* AssessmentTests */ = {
			isa = PBXGroup;
			children = (
				F51A24DE29F2D90B00863DAF /* AppComponents */,
				F51036CB29F1EACA00792F22 /* Application */,
				F51036D129F1EDEF00792F22 /* OtherFiles */,
			);
			path = AssessmentTests;
			sourceTree = "<group>";
		};
		F55D08A929EF28AC00C49526 /* Application */ = {
			isa = PBXGroup;
			children = (
				F55D08AC29EF294400C49526 /* Models */,
				F55D08AD29EF297300C49526 /* Views */,
				F55D08AE29EF297800C49526 /* Presenters */,
				F510368C29EFD15700792F22 /* Services */,
				F55D087329EF1F2B00C49526 /* AppDelegate.swift */,
			);
			path = Application;
			sourceTree = "<group>";
		};
		F55D08AA29EF28B700C49526 /* OtherFiles */ = {
			isa = PBXGroup;
			children = (
				F55D087C29EF1F2C00C49526 /* Assets.xcassets */,
				F55D08A329EF207400C49526 /* Color.xcassets */,
				F55D087E29EF1F2C00C49526 /* LaunchScreen.storyboard */,
			);
			path = OtherFiles;
			sourceTree = "<group>";
		};
		F55D08AB29EF28C100C49526 /* AppComponents */ = {
			isa = PBXGroup;
			children = (
				F51036B829F12D4200792F22 /* Factory */,
				F51036B529F12CFF00792F22 /* Coordinator */,
				F510367729EFB78400792F22 /* HTTPServices */,
				F51036A529F07C8E00792F22 /* ImageDownloader */,
				F55D08BA29EF2C3300C49526 /* Config */,
				F55D08B529EF2A6600C49526 /* Extensions */,
			);
			path = AppComponents;
			sourceTree = "<group>";
		};
		F55D08AC29EF294400C49526 /* Models */ = {
			isa = PBXGroup;
			children = (
				F510369529EFED2900792F22 /* AstronautModels.swift */,
			);
			path = Models;
			sourceTree = "<group>";
		};
		F55D08AD29EF297300C49526 /* Views */ = {
			isa = PBXGroup;
			children = (
				F55D08AF29EF299800C49526 /* AstronautList */,
				F51036AE29F1081300792F22 /* AstronautDetails */,
			);
			path = Views;
			sourceTree = "<group>";
		};
		F55D08AE29EF297800C49526 /* Presenters */ = {
			isa = PBXGroup;
			children = (
				F510369C29F04ECC00792F22 /* AstronautListPresenter.swift */,
				F51036BB29F140D600792F22 /* AstronautDetailPresenter.swift */,
			);
			path = Presenters;
			sourceTree = "<group>";
		};
		F55D08AF29EF299800C49526 /* AstronautList */ = {
			isa = PBXGroup;
			children = (
				F51036C729F19DCC00792F22 /* TableView */,
				F510367529EFB3AC00792F22 /* AstronautListView.swift */,
				F55D08B029EF2A3400C49526 /* AstronautListViewController.swift */,
				F55D08B129EF2A3400C49526 /* AstronautListViewController.xib */,
			);
			path = AstronautList;
			sourceTree = "<group>";
		};
		F55D08B529EF2A6600C49526 /* Extensions */ = {
			isa = PBXGroup;
			children = (
				F51036DB29F24C0E00792F22 /* UIViewController+Extensions.swift */,
				F55D08BF29EF39E100C49526 /* UIColor+App.swift */,
				F51036B329F128EB00792F22 /* UIImage+Extensions.swift */,
				F51036A329F05F0100792F22 /* UIView+Design.swift */,
				F51036AA29F0904400792F22 /* UITableView+Extensions.swift */,
			);
			path = Extensions;
			sourceTree = "<group>";
		};
		F55D08BA29EF2C3300C49526 /* Config */ = {
			isa = PBXGroup;
			children = (
				F55D08C129EF3A2A00C49526 /* AppStrings.swift */,
			);
			path = Config;
			sourceTree = "<group>";
		};
/* End PBXGroup section */

/* Begin PBXNativeTarget section */
		F55D086F29EF1F2B00C49526 /* Assessment */ = {
			isa = PBXNativeTarget;
			buildConfigurationList = F55D089A29EF1F2C00C49526 /* Build configuration list for PBXNativeTarget "Assessment" */;
			buildPhases = (
				F55D08C529EF3C8E00C49526 /* Run Script - SwiftLint */,
				F55D086C29EF1F2B00C49526 /* Sources */,
				F55D086D29EF1F2B00C49526 /* Frameworks */,
				F55D086E29EF1F2B00C49526 /* Resources */,
			);
			buildRules = (
			);
			dependencies = (
			);
			name = Assessment;
			packageProductDependencies = (
				F510369829EFF85900792F22 /* RxSwift */,
			);
			productName = Assessment;
			productReference = F55D087029EF1F2B00C49526 /* Assessment.app */;
			productType = "com.apple.product-type.application";
		};
		F55D088529EF1F2C00C49526 /* AssessmentTests */ = {
			isa = PBXNativeTarget;
			buildConfigurationList = F55D089D29EF1F2C00C49526 /* Build configuration list for PBXNativeTarget "AssessmentTests" */;
			buildPhases = (
				F55D088229EF1F2C00C49526 /* Sources */,
				F55D088329EF1F2C00C49526 /* Frameworks */,
				F55D088429EF1F2C00C49526 /* Resources */,
			);
			buildRules = (
			);
			dependencies = (
				F55D088829EF1F2C00C49526 /* PBXTargetDependency */,
			);
			name = AssessmentTests;
			productName = AssessmentTests;
			productReference = F55D088629EF1F2C00C49526 /* AssessmentTests.xctest */;
			productType = "com.apple.product-type.bundle.unit-test";
		};
/* End PBXNativeTarget section */

/* Begin PBXProject section */
		F55D086829EF1F2B00C49526 /* Project object */ = {
			isa = PBXProject;
			attributes = {
				BuildIndependentTargetsInParallel = 1;
				LastSwiftUpdateCheck = 1420;
				LastUpgradeCheck = 1420;
				TargetAttributes = {
					F55D086F29EF1F2B00C49526 = {
						CreatedOnToolsVersion = 14.2;
					};
					F55D088529EF1F2C00C49526 = {
						CreatedOnToolsVersion = 14.2;
						TestTargetID = F55D086F29EF1F2B00C49526;
					};
				};
			};
			buildConfigurationList = F55D086B29EF1F2B00C49526 /* Build configuration list for PBXProject "Assessment" */;
			compatibilityVersion = "Xcode 14.0";
			developmentRegion = en;
			hasScannedForEncodings = 0;
			knownRegions = (
				en,
				Base,
			);
			mainGroup = F55D086729EF1F2B00C49526;
			packageReferences = (
				F510369729EFF85900792F22 /* XCRemoteSwiftPackageReference "RxSwift" */,
			);
			productRefGroup = F55D087129EF1F2B00C49526 /* Products */;
			projectDirPath = "";
			projectRoot = "";
			targets = (
				F55D086F29EF1F2B00C49526 /* Assessment */,
				F55D088529EF1F2C00C49526 /* AssessmentTests */,
			);
		};
/* End PBXProject section */

/* Begin PBXResourcesBuildPhase section */
		F55D086E29EF1F2B00C49526 /* Resources */ = {
			isa = PBXResourcesBuildPhase;
			buildActionMask = 2147483647;
			files = (
				F55D08B329EF2A3400C49526 /* AstronautListViewController.xib in Resources */,
				F55D088029EF1F2C00C49526 /* LaunchScreen.storyboard in Resources */,
				F51A24D429F288ED00863DAF /* astronauts_mock.json in Resources */,
				F51036A229F0575B00792F22 /* AstronautCell.xib in Resources */,
				F51036B229F1083600792F22 /* AstronautDetailViewController.xib in Resources */,
				F55D08A429EF207400C49526 /* Color.xcassets in Resources */,
				F55D087D29EF1F2C00C49526 /* Assets.xcassets in Resources */,
			);
			runOnlyForDeploymentPostprocessing = 0;
		};
		F55D088429EF1F2C00C49526 /* Resources */ = {
			isa = PBXResourcesBuildPhase;
			buildActionMask = 2147483647;
			files = (
				F51A24D329F288AD00863DAF /* astronauts_mock.json in Resources */,
			);
			runOnlyForDeploymentPostprocessing = 0;
		};
/* End PBXResourcesBuildPhase section */

/* Begin PBXShellScriptBuildPhase section */
		F55D08C529EF3C8E00C49526 /* Run Script - SwiftLint */ = {
			isa = PBXShellScriptBuildPhase;
			alwaysOutOfDate = 1;
			buildActionMask = 2147483647;
			files = (
			);
			inputFileListPaths = (
			);
			inputPaths = (
			);
			name = "Run Script - SwiftLint";
			outputFileListPaths = (
			);
			outputPaths = (
			);
			runOnlyForDeploymentPostprocessing = 0;
			shellPath = /bin/sh;
			shellScript = "# Adds support for Apple Silicon brew directory\nexport PATH=\"$PATH:/opt/homebrew/bin\"\nif which swiftlint; then\n    swiftlint\nelse\n  echo \"warning: SwiftLint not installed, download from https://github.com/realm/SwiftLint\"\nfi\n";
		};
/* End PBXShellScriptBuildPhase section */

/* Begin PBXSourcesBuildPhase section */
		F55D086C29EF1F2B00C49526 /* Sources */ = {
			isa = PBXSourcesBuildPhase;
			buildActionMask = 2147483647;
			files = (
				F51036A929F07CB000792F22 /* CustomMediaDownloadManager.swift in Sources */,
				F51036A729F07CA700792F22 /* DownloadOperation.swift in Sources */,
				F51036DC29F24C0E00792F22 /* UIViewController+Extensions.swift in Sources */,
				F510367A29EFB86600792F22 /* Reachability.swift in Sources */,
				F51036BE29F1413A00792F22 /* AstronautDetailView.swift in Sources */,
				F510368B29EFBE8A00792F22 /* HTTPServices.swift in Sources */,
				F510367629EFB3AC00792F22 /* AstronautListView.swift in Sources */,
				F51036BC29F140D600792F22 /* AstronautDetailPresenter.swift in Sources */,
				F51036B729F12D0D00792F22 /* MainCoordinator.swift in Sources */,
				F55D08B229EF2A3400C49526 /* AstronautListViewController.swift in Sources */,
				F55D08C029EF39E100C49526 /* UIColor+App.swift in Sources */,
				F510368E29EFD19500792F22 /* AstronautRepository.swift in Sources */,
				F51036A129F0575B00792F22 /* AstronautCell.swift in Sources */,
				F55D08C229EF3A2A00C49526 /* AppStrings.swift in Sources */,
				F510368229EFBB8700792F22 /* NetworkConfig.swift in Sources */,
				F510369D29F04ECC00792F22 /* AstronautListPresenter.swift in Sources */,
				F51036A429F05F0100792F22 /* UIView+Design.swift in Sources */,
				F51036B429F128EB00792F22 /* UIImage+Extensions.swift in Sources */,
				F51036C929F19DF200792F22 /* AstronautDataSource.swift in Sources */,
				F51036AB29F0904400792F22 /* UITableView+Extensions.swift in Sources */,
				F51036BA29F12D5B00792F22 /* AppFactory.swift in Sources */,
				F510368629EFBC4100792F22 /* HTTPError.swift in Sources */,
				F55D087429EF1F2B00C49526 /* AppDelegate.swift in Sources */,
				F510369629EFED2900792F22 /* AstronautModels.swift in Sources */,
				F51036B129F1083600792F22 /* AstronautDetailViewController.swift in Sources */,
			);
			runOnlyForDeploymentPostprocessing = 0;
		};
		F55D088229EF1F2C00C49526 /* Sources */ = {
			isa = PBXSourcesBuildPhase;
			buildActionMask = 2147483647;
			files = (
				F51A24D129F27FC100863DAF /* MockAstronautListView.swift in Sources */,
				F51A24DD29F2D8FD00863DAF /* AstronautsRepositoryTests.swift in Sources */,
				F51A24E229F2F22B00863DAF /* AstronautListViewControllerTests.swift in Sources */,
				F51A24F029F3E5B000863DAF /* AssessmentTests.swift in Sources */,
				F51A24EC29F3D20F00863DAF /* MainCoordinatorTests.swift in Sources */,
				F51A24DA29F2D61B00863DAF /* MockAstronautDetailView.swift in Sources */,
				F51036D329F1EE0800792F22 /* AstronautRepositoryMock.swift in Sources */,
				F51A24EE29F3D22500863DAF /* AppFactoryTests.swift in Sources */,
				F51A24E729F3286F00863DAF /* AstronautDetailViewControllerTests.swift in Sources */,
				F51A24CB29F2760700863DAF /* MainCoordinatorMock.swift in Sources */,
				F51A24D629F2D40200863DAF /* AstronautDetailPresenterTests.swift in Sources */,
				F51036D829F1F24A00792F22 /* TestUtils.swift in Sources */,
				F51A24E029F2DCFB00863DAF /* MockHTTPServices.swift in Sources */,
				F51A24CD29F27B8C00863DAF /* AstronautListPresenterTests.swift in Sources */,
			);
			runOnlyForDeploymentPostprocessing = 0;
		};
/* End PBXSourcesBuildPhase section */

/* Begin PBXTargetDependency section */
		F55D088829EF1F2C00C49526 /* PBXTargetDependency */ = {
			isa = PBXTargetDependency;
			target = F55D086F29EF1F2B00C49526 /* Assessment */;
			targetProxy = F55D088729EF1F2C00C49526 /* PBXContainerItemProxy */;
		};
/* End PBXTargetDependency section */

/* Begin PBXVariantGroup section */
		F55D087E29EF1F2C00C49526 /* LaunchScreen.storyboard */ = {
			isa = PBXVariantGroup;
			children = (
				F55D087F29EF1F2C00C49526 /* Base */,
			);
			name = LaunchScreen.storyboard;
			sourceTree = "<group>";
		};
/* End PBXVariantGroup section */

/* Begin XCBuildConfiguration section */
		F55D089829EF1F2C00C49526 /* Debug */ = {
			isa = XCBuildConfiguration;
			buildSettings = {
				ALWAYS_SEARCH_USER_PATHS = NO;
				CLANG_ANALYZER_NONNULL = YES;
				CLANG_ANALYZER_NUMBER_OBJECT_CONVERSION = YES_AGGRESSIVE;
				CLANG_CXX_LANGUAGE_STANDARD = "gnu++20";
				CLANG_ENABLE_MODULES = YES;
				CLANG_ENABLE_OBJC_ARC = YES;
				CLANG_ENABLE_OBJC_WEAK = YES;
				CLANG_WARN_BLOCK_CAPTURE_AUTORELEASING = YES;
				CLANG_WARN_BOOL_CONVERSION = YES;
				CLANG_WARN_COMMA = YES;
				CLANG_WARN_CONSTANT_CONVERSION = YES;
				CLANG_WARN_DEPRECATED_OBJC_IMPLEMENTATIONS = YES;
				CLANG_WARN_DIRECT_OBJC_ISA_USAGE = YES_ERROR;
				CLANG_WARN_DOCUMENTATION_COMMENTS = YES;
				CLANG_WARN_EMPTY_BODY = YES;
				CLANG_WARN_ENUM_CONVERSION = YES;
				CLANG_WARN_INFINITE_RECURSION = YES;
				CLANG_WARN_INT_CONVERSION = YES;
				CLANG_WARN_NON_LITERAL_NULL_CONVERSION = YES;
				CLANG_WARN_OBJC_IMPLICIT_RETAIN_SELF = YES;
				CLANG_WARN_OBJC_LITERAL_CONVERSION = YES;
				CLANG_WARN_OBJC_ROOT_CLASS = YES_ERROR;
				CLANG_WARN_QUOTED_INCLUDE_IN_FRAMEWORK_HEADER = YES;
				CLANG_WARN_RANGE_LOOP_ANALYSIS = YES;
				CLANG_WARN_STRICT_PROTOTYPES = YES;
				CLANG_WARN_SUSPICIOUS_MOVE = YES;
				CLANG_WARN_UNGUARDED_AVAILABILITY = YES_AGGRESSIVE;
				CLANG_WARN_UNREACHABLE_CODE = YES;
				CLANG_WARN__DUPLICATE_METHOD_MATCH = YES;
				COPY_PHASE_STRIP = NO;
				DEBUG_INFORMATION_FORMAT = dwarf;
				ENABLE_STRICT_OBJC_MSGSEND = YES;
				ENABLE_TESTABILITY = YES;
				GCC_C_LANGUAGE_STANDARD = gnu11;
				GCC_DYNAMIC_NO_PIC = NO;
				GCC_NO_COMMON_BLOCKS = YES;
				GCC_OPTIMIZATION_LEVEL = 0;
				GCC_PREPROCESSOR_DEFINITIONS = (
					"DEBUG=1",
					"$(inherited)",
				);
				GCC_WARN_64_TO_32_BIT_CONVERSION = YES;
				GCC_WARN_ABOUT_RETURN_TYPE = YES_ERROR;
				GCC_WARN_UNDECLARED_SELECTOR = YES;
				GCC_WARN_UNINITIALIZED_AUTOS = YES_AGGRESSIVE;
				GCC_WARN_UNUSED_FUNCTION = YES;
				GCC_WARN_UNUSED_VARIABLE = YES;
				IPHONEOS_DEPLOYMENT_TARGET = 16.2;
				MTL_ENABLE_DEBUG_INFO = INCLUDE_SOURCE;
				MTL_FAST_MATH = YES;
				ONLY_ACTIVE_ARCH = YES;
				SDKROOT = iphoneos;
				SWIFT_ACTIVE_COMPILATION_CONDITIONS = DEBUG;
				SWIFT_OPTIMIZATION_LEVEL = "-Onone";
			};
			name = Debug;
		};
		F55D089929EF1F2C00C49526 /* Release */ = {
			isa = XCBuildConfiguration;
			buildSettings = {
				ALWAYS_SEARCH_USER_PATHS = NO;
				CLANG_ANALYZER_NONNULL = YES;
				CLANG_ANALYZER_NUMBER_OBJECT_CONVERSION = YES_AGGRESSIVE;
				CLANG_CXX_LANGUAGE_STANDARD = "gnu++20";
				CLANG_ENABLE_MODULES = YES;
				CLANG_ENABLE_OBJC_ARC = YES;
				CLANG_ENABLE_OBJC_WEAK = YES;
				CLANG_WARN_BLOCK_CAPTURE_AUTORELEASING = YES;
				CLANG_WARN_BOOL_CONVERSION = YES;
				CLANG_WARN_COMMA = YES;
				CLANG_WARN_CONSTANT_CONVERSION = YES;
				CLANG_WARN_DEPRECATED_OBJC_IMPLEMENTATIONS = YES;
				CLANG_WARN_DIRECT_OBJC_ISA_USAGE = YES_ERROR;
				CLANG_WARN_DOCUMENTATION_COMMENTS = YES;
				CLANG_WARN_EMPTY_BODY = YES;
				CLANG_WARN_ENUM_CONVERSION = YES;
				CLANG_WARN_INFINITE_RECURSION = YES;
				CLANG_WARN_INT_CONVERSION = YES;
				CLANG_WARN_NON_LITERAL_NULL_CONVERSION = YES;
				CLANG_WARN_OBJC_IMPLICIT_RETAIN_SELF = YES;
				CLANG_WARN_OBJC_LITERAL_CONVERSION = YES;
				CLANG_WARN_OBJC_ROOT_CLASS = YES_ERROR;
				CLANG_WARN_QUOTED_INCLUDE_IN_FRAMEWORK_HEADER = YES;
				CLANG_WARN_RANGE_LOOP_ANALYSIS = YES;
				CLANG_WARN_STRICT_PROTOTYPES = YES;
				CLANG_WARN_SUSPICIOUS_MOVE = YES;
				CLANG_WARN_UNGUARDED_AVAILABILITY = YES_AGGRESSIVE;
				CLANG_WARN_UNREACHABLE_CODE = YES;
				CLANG_WARN__DUPLICATE_METHOD_MATCH = YES;
				COPY_PHASE_STRIP = NO;
				DEBUG_INFORMATION_FORMAT = "dwarf-with-dsym";
				ENABLE_NS_ASSERTIONS = NO;
				ENABLE_STRICT_OBJC_MSGSEND = YES;
				GCC_C_LANGUAGE_STANDARD = gnu11;
				GCC_NO_COMMON_BLOCKS = YES;
				GCC_WARN_64_TO_32_BIT_CONVERSION = YES;
				GCC_WARN_ABOUT_RETURN_TYPE = YES_ERROR;
				GCC_WARN_UNDECLARED_SELECTOR = YES;
				GCC_WARN_UNINITIALIZED_AUTOS = YES_AGGRESSIVE;
				GCC_WARN_UNUSED_FUNCTION = YES;
				GCC_WARN_UNUSED_VARIABLE = YES;
				IPHONEOS_DEPLOYMENT_TARGET = 16.2;
				MTL_ENABLE_DEBUG_INFO = NO;
				MTL_FAST_MATH = YES;
				SDKROOT = iphoneos;
				SWIFT_COMPILATION_MODE = wholemodule;
				SWIFT_OPTIMIZATION_LEVEL = "-O";
				VALIDATE_PRODUCT = YES;
			};
			name = Release;
		};
		F55D089B29EF1F2C00C49526 /* Debug */ = {
			isa = XCBuildConfiguration;
			buildSettings = {
				ASSETCATALOG_COMPILER_APPICON_NAME = AppIcon;
				ASSETCATALOG_COMPILER_GLOBAL_ACCENT_COLOR_NAME = AccentColor;
				CODE_SIGN_STYLE = Automatic;
				CURRENT_PROJECT_VERSION = 1;
				GENERATE_INFOPLIST_FILE = YES;
				INFOPLIST_FILE = Assessment/Info.plist;
				INFOPLIST_KEY_UIApplicationSupportsIndirectInputEvents = YES;
				INFOPLIST_KEY_UILaunchStoryboardName = LaunchScreen;
				INFOPLIST_KEY_UIMainStoryboardFile = "";
				INFOPLIST_KEY_UIStatusBarStyle = UIStatusBarStyleLightContent;
				INFOPLIST_KEY_UISupportedInterfaceOrientations_iPad = "UIInterfaceOrientationPortrait UIInterfaceOrientationPortraitUpsideDown UIInterfaceOrientationLandscapeLeft UIInterfaceOrientationLandscapeRight";
				INFOPLIST_KEY_UISupportedInterfaceOrientations_iPhone = "UIInterfaceOrientationPortrait UIInterfaceOrientationLandscapeLeft UIInterfaceOrientationLandscapeRight";
				LD_RUNPATH_SEARCH_PATHS = (
					"$(inherited)",
					"@executable_path/Frameworks",
				);
				MARKETING_VERSION = 1.0;
				PRODUCT_BUNDLE_IDENTIFIER = com.Assessment;
				PRODUCT_NAME = "$(TARGET_NAME)";
				SWIFT_EMIT_LOC_STRINGS = YES;
				SWIFT_VERSION = 5.0;
				TARGETED_DEVICE_FAMILY = "1,2";
			};
			name = Debug;
		};
		F55D089C29EF1F2C00C49526 /* Release */ = {
			isa = XCBuildConfiguration;
			buildSettings = {
				ASSETCATALOG_COMPILER_APPICON_NAME = AppIcon;
				ASSETCATALOG_COMPILER_GLOBAL_ACCENT_COLOR_NAME = AccentColor;
				CODE_SIGN_STYLE = Automatic;
				CURRENT_PROJECT_VERSION = 1;
				GENERATE_INFOPLIST_FILE = YES;
				INFOPLIST_FILE = Assessment/Info.plist;
				INFOPLIST_KEY_UIApplicationSupportsIndirectInputEvents = YES;
				INFOPLIST_KEY_UILaunchStoryboardName = LaunchScreen;
				INFOPLIST_KEY_UIMainStoryboardFile = "";
				INFOPLIST_KEY_UIStatusBarStyle = UIStatusBarStyleLightContent;
				INFOPLIST_KEY_UISupportedInterfaceOrientations_iPad = "UIInterfaceOrientationPortrait UIInterfaceOrientationPortraitUpsideDown UIInterfaceOrientationLandscapeLeft UIInterfaceOrientationLandscapeRight";
				INFOPLIST_KEY_UISupportedInterfaceOrientations_iPhone = "UIInterfaceOrientationPortrait UIInterfaceOrientationLandscapeLeft UIInterfaceOrientationLandscapeRight";
				LD_RUNPATH_SEARCH_PATHS = (
					"$(inherited)",
					"@executable_path/Frameworks",
				);
				MARKETING_VERSION = 1.0;
				PRODUCT_BUNDLE_IDENTIFIER = com.Assessment;
				PRODUCT_NAME = "$(TARGET_NAME)";
				SWIFT_EMIT_LOC_STRINGS = YES;
				SWIFT_VERSION = 5.0;
				TARGETED_DEVICE_FAMILY = "1,2";
			};
			name = Release;
		};
		F55D089E29EF1F2C00C49526 /* Debug */ = {
			isa = XCBuildConfiguration;
			buildSettings = {
				ALWAYS_EMBED_SWIFT_STANDARD_LIBRARIES = YES;
				BUNDLE_LOADER = "$(TEST_HOST)";
				CODE_SIGN_STYLE = Automatic;
				CURRENT_PROJECT_VERSION = 1;
				GENERATE_INFOPLIST_FILE = YES;
				IPHONEOS_DEPLOYMENT_TARGET = 16.2;
				MARKETING_VERSION = 1.0;
				PRODUCT_BUNDLE_IDENTIFIER = com.AssessmentTests;
				PRODUCT_NAME = "$(TARGET_NAME)";
				SWIFT_EMIT_LOC_STRINGS = NO;
				SWIFT_VERSION = 5.0;
				TARGETED_DEVICE_FAMILY = "1,2";
				TEST_HOST = "$(BUILT_PRODUCTS_DIR)/Assessment.app/$(BUNDLE_EXECUTABLE_FOLDER_PATH)/Assessment";
			};
			name = Debug;
		};
		F55D089F29EF1F2C00C49526 /* Release */ = {
			isa = XCBuildConfiguration;
			buildSettings = {
				ALWAYS_EMBED_SWIFT_STANDARD_LIBRARIES = YES;
				BUNDLE_LOADER = "$(TEST_HOST)";
				CODE_SIGN_STYLE = Automatic;
				CURRENT_PROJECT_VERSION = 1;
				GENERATE_INFOPLIST_FILE = YES;
				IPHONEOS_DEPLOYMENT_TARGET = 16.2;
				MARKETING_VERSION = 1.0;
				PRODUCT_BUNDLE_IDENTIFIER = com.AssessmentTests;
				PRODUCT_NAME = "$(TARGET_NAME)";
				SWIFT_EMIT_LOC_STRINGS = NO;
				SWIFT_VERSION = 5.0;
				TARGETED_DEVICE_FAMILY = "1,2";
				TEST_HOST = "$(BUILT_PRODUCTS_DIR)/Assessment.app/$(BUNDLE_EXECUTABLE_FOLDER_PATH)/Assessment";
			};
			name = Release;
		};
/* End XCBuildConfiguration section */

/* Begin XCConfigurationList section */
		F55D086B29EF1F2B00C49526 /* Build configuration list for PBXProject "Assessment" */ = {
			isa = XCConfigurationList;
			buildConfigurations = (
				F55D089829EF1F2C00C49526 /* Debug */,
				F55D089929EF1F2C00C49526 /* Release */,
			);
			defaultConfigurationIsVisible = 0;
			defaultConfigurationName = Release;
		};
		F55D089A29EF1F2C00C49526 /* Build configuration list for PBXNativeTarget "Assessment" */ = {
			isa = XCConfigurationList;
			buildConfigurations = (
				F55D089B29EF1F2C00C49526 /* Debug */,
				F55D089C29EF1F2C00C49526 /* Release */,
			);
			defaultConfigurationIsVisible = 0;
			defaultConfigurationName = Release;
		};
		F55D089D29EF1F2C00C49526 /* Build configuration list for PBXNativeTarget "AssessmentTests" */ = {
			isa = XCConfigurationList;
			buildConfigurations = (
				F55D089E29EF1F2C00C49526 /* Debug */,
				F55D089F29EF1F2C00C49526 /* Release */,
			);
			defaultConfigurationIsVisible = 0;
			defaultConfigurationName = Release;
		};
/* End XCConfigurationList section */

/* Begin XCRemoteSwiftPackageReference section */
		F510369729EFF85900792F22 /* XCRemoteSwiftPackageReference "RxSwift" */ = {
			isa = XCRemoteSwiftPackageReference;
			repositoryURL = "https://github.com/ReactiveX/RxSwift";
			requirement = {
				kind = upToNextMajorVersion;
				minimumVersion = 6.0.0;
			};
		};
/* End XCRemoteSwiftPackageReference section */

/* Begin XCSwiftPackageProductDependency section */
		F510369829EFF85900792F22 /* RxSwift */ = {
			isa = XCSwiftPackageProductDependency;
			package = F510369729EFF85900792F22 /* XCRemoteSwiftPackageReference "RxSwift" */;
			productName = RxSwift;
		};
/* End XCSwiftPackageProductDependency section */
	};
	rootObject = F55D086829EF1F2B00C49526 /* Project object */;
}
